
Microsoft Visual Studio Solution File, Format Version 12.00
# Visual Studio Version 17
VisualStudioVersion = 17.14.36414.22 d17.14
MinimumVisualStudioVersion = 10.0.40219.1
Project("{FAE04EC0-301F-11D3-BF4B-00C04F79EFBC}") = "Simple Calculator", "Simple Calculator.csproj", "{3D3652B9-0741-4227-B98F-1E1F96B32334}"
EndProject
Global
	GlobalSection(SolutionConfigurationPlatforms) = preSolution
		Debug|Any CPU = Debug|Any CPU
		Release|Any CPU = Release|Any CPU
	EndGlobalSection
	GlobalSection(ProjectConfigurationPlatforms) = postSolution
		{3D3652B9-0741-4227-B98F-1E1F96B32334}.Debug|Any CPU.ActiveCfg = Debug|Any CPU
		{3D3652B9-0741-4227-B98F-1E1F96B32334}.Debug|Any CPU.Build.0 = Debug|Any CPU
		{3D3652B9-0741-4227-B98F-1E1F96B32334}.Release|Any CPU.ActiveCfg = Release|Any CPU
		{3D3652B9-0741-4227-B98F-1E1F96B32334}.Release|Any CPU.Build.0 = Release|Any CPU
	EndGlobalSection
	GlobalSection(SolutionProperties) = preSolution
		HideSolutionNode = FALSE
	EndGlobalSection
	GlobalSection(ExtensibilityGlobals) = postSolution
		SolutionGuid = {0D608735-02AC-46E7-A64C-54E32F648FA1}
	EndGlobalSection
EndGlobal
